// !$*UTF8*$!
{
	archiveVersion = 1;
	classes = {
	};
	objectVersion = 56;
	objects = {

/* Begin PBXBuildFile section */
		AF0746B429F9A58700604D2E /* FeedbackController.swift in Sources */ = {isa = PBXBuildFile; fileRef = AF0746B329F9A58700604D2E /* FeedbackController.swift */; };
		AF0746B829FA8C9200604D2E /* MainTarget.swift in Sources */ = {isa = PBXBuildFile; fileRef = AF0746B729FA8C9200604D2E /* MainTarget.swift */; };
		AF0746BB29FA8EE000604D2E /* AuthTargetType.swift in Sources */ = {isa = PBXBuildFile; fileRef = AF0746BA29FA8EE000604D2E /* AuthTargetType.swift */; };
		AF0746BD29FA90F800604D2E /* News.swift in Sources */ = {isa = PBXBuildFile; fileRef = AF0746BC29FA90F800604D2E /* News.swift */; };
		AF0746C029FA96AF00604D2E /* ViewModel.swift in Sources */ = {isa = PBXBuildFile; fileRef = AF0746BF29FA96AF00604D2E /* ViewModel.swift */; };
		AF0746C229FA9E4700604D2E /* NetworkManager.swift in Sources */ = {isa = PBXBuildFile; fileRef = AF0746C129FA9E4700604D2E /* NetworkManager.swift */; };
		AF0746C529FABDE700604D2E /* RxCocoa in Frameworks */ = {isa = PBXBuildFile; productRef = AF0746C429FABDE700604D2E /* RxCocoa */; };
		AF0746C729FABDE700604D2E /* RxRelay in Frameworks */ = {isa = PBXBuildFile; productRef = AF0746C629FABDE700604D2E /* RxRelay */; };
		AF0746C929FABDE700604D2E /* RxSwift in Frameworks */ = {isa = PBXBuildFile; productRef = AF0746C829FABDE700604D2E /* RxSwift */; };
		AF31378929F303EA00DFF275 /* MainViewController.swift in Sources */ = {isa = PBXBuildFile; fileRef = AF31378829F303EA00DFF275 /* MainViewController.swift */; };
		AF31378B29F303F300DFF275 /* InfoViewController.swift in Sources */ = {isa = PBXBuildFile; fileRef = AF31378A29F303F300DFF275 /* InfoViewController.swift */; };
		AF31378D29F303FC00DFF275 /* AboutAppViewController.swift in Sources */ = {isa = PBXBuildFile; fileRef = AF31378C29F303FC00DFF275 /* AboutAppViewController.swift */; };
		AF31378F29F3040900DFF275 /* ChatViewController.swift in Sources */ = {isa = PBXBuildFile; fileRef = AF31378E29F3040900DFF275 /* ChatViewController.swift */; };
		AF31379129F3059100DFF275 /* LoginViewController.swift in Sources */ = {isa = PBXBuildFile; fileRef = AF31379029F3059100DFF275 /* LoginViewController.swift */; };
		AF31379329F3091400DFF275 /* BaseViewController.swift in Sources */ = {isa = PBXBuildFile; fileRef = AF31379229F3091400DFF275 /* BaseViewController.swift */; };
		AF3137BF29F3AF9300DFF275 /* SnapKit in Frameworks */ = {isa = PBXBuildFile; productRef = AF3137BE29F3AF9300DFF275 /* SnapKit */; };
		AF3137C229F3B02700DFF275 /* Moya in Frameworks */ = {isa = PBXBuildFile; productRef = AF3137C129F3B02700DFF275 /* Moya */; };
		AF3137C429F3B15400DFF275 /* OnBoardingController.swift in Sources */ = {isa = PBXBuildFile; fileRef = AF3137C329F3B15400DFF275 /* OnBoardingController.swift */; };
		AF3137C729F426D500DFF275 /* OnBoardingSlideViewController.swift in Sources */ = {isa = PBXBuildFile; fileRef = AF3137C629F426D500DFF275 /* OnBoardingSlideViewController.swift */; };
		AF3137C929F4407800DFF275 /* ChooseLanguageController.swift in Sources */ = {isa = PBXBuildFile; fileRef = AF3137C829F4407800DFF275 /* ChooseLanguageController.swift */; };
		AF3137CB29F44BBD00DFF275 /* SosViewController.swift in Sources */ = {isa = PBXBuildFile; fileRef = AF3137CA29F44BBD00DFF275 /* SosViewController.swift */; };
		AF3137CD29F5955A00DFF275 /* FillOutFormController.swift in Sources */ = {isa = PBXBuildFile; fileRef = AF3137CC29F5955A00DFF275 /* FillOutFormController.swift */; };
		AF3137CF29F5A53600DFF275 /* AddContactController.swift in Sources */ = {isa = PBXBuildFile; fileRef = AF3137CE29F5A53600DFF275 /* AddContactController.swift */; };
		AF3137D129F6E4FD00DFF275 /* InfoCell.swift in Sources */ = {isa = PBXBuildFile; fileRef = AF3137D029F6E4FD00DFF275 /* InfoCell.swift */; };
		AF3137D429F8243100DFF275 /* CodeInputController.swift in Sources */ = {isa = PBXBuildFile; fileRef = AF3137D329F8243100DFF275 /* CodeInputController.swift */; };
		AF3137D829F82A9100DFF275 /* MainSosContactController.swift in Sources */ = {isa = PBXBuildFile; fileRef = AF3137D729F82A9100DFF275 /* MainSosContactController.swift */; };
		AF3137DA29F82D5000DFF275 /* RadioButtonCell.swift in Sources */ = {isa = PBXBuildFile; fileRef = AF3137D929F82D5000DFF275 /* RadioButtonCell.swift */; };
		AFD6C55B29EB0501001F787E /* AppDelegate.swift in Sources */ = {isa = PBXBuildFile; fileRef = AFD6C55A29EB0501001F787E /* AppDelegate.swift */; };
		AFD6C55D29EB0501001F787E /* SceneDelegate.swift in Sources */ = {isa = PBXBuildFile; fileRef = AFD6C55C29EB0501001F787E /* SceneDelegate.swift */; };
		AFD6C55F29EB0501001F787E /* ViewController.swift in Sources */ = {isa = PBXBuildFile; fileRef = AFD6C55E29EB0501001F787E /* ViewController.swift */; };
		AFD6C56529EB0501001F787E /* AmanAlert.xcdatamodeld in Sources */ = {isa = PBXBuildFile; fileRef = AFD6C56329EB0501001F787E /* AmanAlert.xcdatamodeld */; };
		AFD6C56729EB0504001F787E /* Assets.xcassets in Resources */ = {isa = PBXBuildFile; fileRef = AFD6C56629EB0504001F787E /* Assets.xcassets */; };
		AFD6C56A29EB0504001F787E /* LaunchScreen.storyboard in Resources */ = {isa = PBXBuildFile; fileRef = AFD6C56829EB0504001F787E /* LaunchScreen.storyboard */; };
		AFD6C57429EBC819001F787E /* BaseTabViewController.swift in Sources */ = {isa = PBXBuildFile; fileRef = AFD6C57329EBC819001F787E /* BaseTabViewController.swift */; };
/* End PBXBuildFile section */

/* Begin PBXFileReference section */
		AF0746B329F9A58700604D2E /* FeedbackController.swift */ = {isa = PBXFileReference; lastKnownFileType = sourcecode.swift; path = FeedbackController.swift; sourceTree = "<group>"; };
		AF0746B729FA8C9200604D2E /* MainTarget.swift */ = {isa = PBXFileReference; lastKnownFileType = sourcecode.swift; path = MainTarget.swift; sourceTree = "<group>"; };
		AF0746BA29FA8EE000604D2E /* AuthTargetType.swift */ = {isa = PBXFileReference; lastKnownFileType = sourcecode.swift; path = AuthTargetType.swift; sourceTree = "<group>"; };
		AF0746BC29FA90F800604D2E /* News.swift */ = {isa = PBXFileReference; lastKnownFileType = sourcecode.swift; path = News.swift; sourceTree = "<group>"; };
		AF0746BF29FA96AF00604D2E /* ViewModel.swift */ = {isa = PBXFileReference; lastKnownFileType = sourcecode.swift; path = ViewModel.swift; sourceTree = "<group>"; };
		AF0746C129FA9E4700604D2E /* NetworkManager.swift */ = {isa = PBXFileReference; lastKnownFileType = sourcecode.swift; path = NetworkManager.swift; sourceTree = "<group>"; };
		AF31378829F303EA00DFF275 /* MainViewController.swift */ = {isa = PBXFileReference; lastKnownFileType = sourcecode.swift; path = MainViewController.swift; sourceTree = "<group>"; };
		AF31378A29F303F300DFF275 /* InfoViewController.swift */ = {isa = PBXFileReference; lastKnownFileType = sourcecode.swift; path = InfoViewController.swift; sourceTree = "<group>"; };
		AF31378C29F303FC00DFF275 /* AboutAppViewController.swift */ = {isa = PBXFileReference; lastKnownFileType = sourcecode.swift; path = AboutAppViewController.swift; sourceTree = "<group>"; };
		AF31378E29F3040900DFF275 /* ChatViewController.swift */ = {isa = PBXFileReference; lastKnownFileType = sourcecode.swift; path = ChatViewController.swift; sourceTree = "<group>"; };
		AF31379029F3059100DFF275 /* LoginViewController.swift */ = {isa = PBXFileReference; lastKnownFileType = sourcecode.swift; path = LoginViewController.swift; sourceTree = "<group>"; };
		AF31379229F3091400DFF275 /* BaseViewController.swift */ = {isa = PBXFileReference; lastKnownFileType = sourcecode.swift; path = BaseViewController.swift; sourceTree = "<group>"; };
		AF3137C329F3B15400DFF275 /* OnBoardingController.swift */ = {isa = PBXFileReference; lastKnownFileType = sourcecode.swift; path = OnBoardingController.swift; sourceTree = "<group>"; };
		AF3137C629F426D500DFF275 /* OnBoardingSlideViewController.swift */ = {isa = PBXFileReference; lastKnownFileType = sourcecode.swift; path = OnBoardingSlideViewController.swift; sourceTree = "<group>"; };
		AF3137C829F4407800DFF275 /* ChooseLanguageController.swift */ = {isa = PBXFileReference; lastKnownFileType = sourcecode.swift; path = ChooseLanguageController.swift; sourceTree = "<group>"; };
		AF3137CA29F44BBD00DFF275 /* SosViewController.swift */ = {isa = PBXFileReference; lastKnownFileType = sourcecode.swift; path = SosViewController.swift; sourceTree = "<group>"; };
		AF3137CC29F5955A00DFF275 /* FillOutFormController.swift */ = {isa = PBXFileReference; lastKnownFileType = sourcecode.swift; path = FillOutFormController.swift; sourceTree = "<group>"; };
		AF3137CE29F5A53600DFF275 /* AddContactController.swift */ = {isa = PBXFileReference; lastKnownFileType = sourcecode.swift; path = AddContactController.swift; sourceTree = "<group>"; };
		AF3137D029F6E4FD00DFF275 /* InfoCell.swift */ = {isa = PBXFileReference; lastKnownFileType = sourcecode.swift; path = InfoCell.swift; sourceTree = "<group>"; };
		AF3137D329F8243100DFF275 /* CodeInputController.swift */ = {isa = PBXFileReference; lastKnownFileType = sourcecode.swift; path = CodeInputController.swift; sourceTree = "<group>"; };
		AF3137D729F82A9100DFF275 /* MainSosContactController.swift */ = {isa = PBXFileReference; lastKnownFileType = sourcecode.swift; path = MainSosContactController.swift; sourceTree = "<group>"; };
		AF3137D929F82D5000DFF275 /* RadioButtonCell.swift */ = {isa = PBXFileReference; lastKnownFileType = sourcecode.swift; path = RadioButtonCell.swift; sourceTree = "<group>"; };
		AFD6C55729EB0501001F787E /* AmanAlert.app */ = {isa = PBXFileReference; explicitFileType = wrapper.application; includeInIndex = 0; path = AmanAlert.app; sourceTree = BUILT_PRODUCTS_DIR; };
		AFD6C55A29EB0501001F787E /* AppDelegate.swift */ = {isa = PBXFileReference; lastKnownFileType = sourcecode.swift; path = AppDelegate.swift; sourceTree = "<group>"; };
		AFD6C55C29EB0501001F787E /* SceneDelegate.swift */ = {isa = PBXFileReference; lastKnownFileType = sourcecode.swift; path = SceneDelegate.swift; sourceTree = "<group>"; };
		AFD6C55E29EB0501001F787E /* ViewController.swift */ = {isa = PBXFileReference; lastKnownFileType = sourcecode.swift; path = ViewController.swift; sourceTree = "<group>"; };
		AFD6C56429EB0501001F787E /* AmanAlert.xcdatamodel */ = {isa = PBXFileReference; lastKnownFileType = wrapper.xcdatamodel; path = AmanAlert.xcdatamodel; sourceTree = "<group>"; };
		AFD6C56629EB0504001F787E /* Assets.xcassets */ = {isa = PBXFileReference; lastKnownFileType = folder.assetcatalog; path = Assets.xcassets; sourceTree = "<group>"; };
		AFD6C56929EB0504001F787E /* Base */ = {isa = PBXFileReference; lastKnownFileType = file.storyboard; name = Base; path = Base.lproj/LaunchScreen.storyboard; sourceTree = "<group>"; };
		AFD6C56B29EB0504001F787E /* Info.plist */ = {isa = PBXFileReference; lastKnownFileType = text.plist.xml; path = Info.plist; sourceTree = "<group>"; };
		AFD6C57329EBC819001F787E /* BaseTabViewController.swift */ = {isa = PBXFileReference; lastKnownFileType = sourcecode.swift; path = BaseTabViewController.swift; sourceTree = "<group>"; };
/* End PBXFileReference section */

/* Begin PBXFrameworksBuildPhase section */
		AFD6C55429EB0501001F787E /* Frameworks */ = {
			isa = PBXFrameworksBuildPhase;
			buildActionMask = 2147483647;
			files = (
				AF0746C529FABDE700604D2E /* RxCocoa in Frameworks */,
				AF3137C229F3B02700DFF275 /* Moya in Frameworks */,
				AF0746C929FABDE700604D2E /* RxSwift in Frameworks */,
				AF0746C729FABDE700604D2E /* RxRelay in Frameworks */,
				AF3137BF29F3AF9300DFF275 /* SnapKit in Frameworks */,
			);
			runOnlyForDeploymentPostprocessing = 0;
		};
/* End PBXFrameworksBuildPhase section */

/* Begin PBXGroup section */
		AF0746B529FA3DFE00604D2E /* Cells */ = {
			isa = PBXGroup;
			children = (
				AF3137D929F82D5000DFF275 /* RadioButtonCell.swift */,
				AF3137D029F6E4FD00DFF275 /* InfoCell.swift */,
			);
			path = Cells;
			sourceTree = "<group>";
		};
		AF0746B629FA3E1D00604D2E /* Sos */ = {
			isa = PBXGroup;
			children = (
				AF3137CA29F44BBD00DFF275 /* SosViewController.swift */,
				AF3137D729F82A9100DFF275 /* MainSosContactController.swift */,
				AF3137CC29F5955A00DFF275 /* FillOutFormController.swift */,
				AF3137CE29F5A53600DFF275 /* AddContactController.swift */,
				AF31378829F303EA00DFF275 /* MainViewController.swift */,
			);
			path = Sos;
			sourceTree = "<group>";
		};
		AF0746B929FA8EAE00604D2E /* Network */ = {
			isa = PBXGroup;
			children = (
				AF0746B729FA8C9200604D2E /* MainTarget.swift */,
				AF0746BA29FA8EE000604D2E /* AuthTargetType.swift */,
				AF0746C129FA9E4700604D2E /* NetworkManager.swift */,
			);
			path = Network;
			sourceTree = "<group>";
		};
		AF0746BE29FA910900604D2E /* Models */ = {
			isa = PBXGroup;
			children = (
				AF0746BC29FA90F800604D2E /* News.swift */,
			);
			path = Models;
			sourceTree = "<group>";
		};
		AF31379429F391AB00DFF275 /* Base */ = {
			isa = PBXGroup;
			children = (
				AFD6C57329EBC819001F787E /* BaseTabViewController.swift */,
				AF31379229F3091400DFF275 /* BaseViewController.swift */,
			);
			path = Base;
			sourceTree = "<group>";
		};
		AF31379529F391C600DFF275 /* Main */ = {
			isa = PBXGroup;
			children = (
				AF0746B629FA3E1D00604D2E /* Sos */,
				AF31378A29F303F300DFF275 /* InfoViewController.swift */,
				AF31378C29F303FC00DFF275 /* AboutAppViewController.swift */,
				AF0746B329F9A58700604D2E /* FeedbackController.swift */,
				AF31378E29F3040900DFF275 /* ChatViewController.swift */,
				AF0746B529FA3DFE00604D2E /* Cells */,
			);
			path = Main;
			sourceTree = "<group>";
		};
		AF3137C529F3B15700DFF275 /* OnBoarding */ = {
			isa = PBXGroup;
			children = (
				AF3137C329F3B15400DFF275 /* OnBoardingController.swift */,
				AF3137C629F426D500DFF275 /* OnBoardingSlideViewController.swift */,
				AF3137C829F4407800DFF275 /* ChooseLanguageController.swift */,
			);
			path = OnBoarding;
			sourceTree = "<group>";
		};
		AF3137D229F81D3F00DFF275 /* Authorization */ = {
			isa = PBXGroup;
			children = (
				AF31379029F3059100DFF275 /* LoginViewController.swift */,
				AF3137D329F8243100DFF275 /* CodeInputController.swift */,
				AF0746BF29FA96AF00604D2E /* ViewModel.swift */,
			);
			path = Authorization;
			sourceTree = "<group>";
		};
		AFD6C54E29EB0501001F787E = {
			isa = PBXGroup;
			children = (
				AFD6C55929EB0501001F787E /* AmanAlert */,
				AFD6C55829EB0501001F787E /* Products */,
			);
			sourceTree = "<group>";
		};
		AFD6C55829EB0501001F787E /* Products */ = {
			isa = PBXGroup;
			children = (
				AFD6C55729EB0501001F787E /* AmanAlert.app */,
			);
			name = Products;
			sourceTree = "<group>";
		};
		AFD6C55929EB0501001F787E /* AmanAlert */ = {
			isa = PBXGroup;
			children = (
				AF0746B929FA8EAE00604D2E /* Network */,
				AFD6C57129EB284C001F787E /* Application */,
				AFD6C55E29EB0501001F787E /* ViewController.swift */,
				AFD6C57229EB288A001F787E /* Resources */,
				AFD6C56B29EB0504001F787E /* Info.plist */,
				AFD6C56329EB0501001F787E /* AmanAlert.xcdatamodeld */,
				AF31379429F391AB00DFF275 /* Base */,
				AF3137D229F81D3F00DFF275 /* Authorization */,
				AF31379529F391C600DFF275 /* Main */,
				AF3137C529F3B15700DFF275 /* OnBoarding */,
				AF0746BE29FA910900604D2E /* Models */,
			);
			path = AmanAlert;
			sourceTree = "<group>";
		};
		AFD6C57129EB284C001F787E /* Application */ = {
			isa = PBXGroup;
			children = (
				AFD6C55A29EB0501001F787E /* AppDelegate.swift */,
				AFD6C55C29EB0501001F787E /* SceneDelegate.swift */,
			);
			path = Application;
			sourceTree = "<group>";
		};
		AFD6C57229EB288A001F787E /* Resources */ = {
			isa = PBXGroup;
			children = (
				AFD6C56629EB0504001F787E /* Assets.xcassets */,
				AFD6C56829EB0504001F787E /* LaunchScreen.storyboard */,
			);
			path = Resources;
			sourceTree = "<group>";
		};
/* End PBXGroup section */

/* Begin PBXNativeTarget section */
		AFD6C55629EB0501001F787E /* AmanAlert */ = {
			isa = PBXNativeTarget;
			buildConfigurationList = AFD6C56E29EB0504001F787E /* Build configuration list for PBXNativeTarget "AmanAlert" */;
			buildPhases = (
				AFD6C55329EB0501001F787E /* Sources */,
				AFD6C55429EB0501001F787E /* Frameworks */,
				AFD6C55529EB0501001F787E /* Resources */,
			);
			buildRules = (
			);
			dependencies = (
			);
			name = AmanAlert;
			packageProductDependencies = (
				AF3137BE29F3AF9300DFF275 /* SnapKit */,
				AF3137C129F3B02700DFF275 /* Moya */,
				AF0746C429FABDE700604D2E /* RxCocoa */,
				AF0746C629FABDE700604D2E /* RxRelay */,
				AF0746C829FABDE700604D2E /* RxSwift */,
			);
			productName = AmanAlert;
			productReference = AFD6C55729EB0501001F787E /* AmanAlert.app */;
			productType = "com.apple.product-type.application";
		};
/* End PBXNativeTarget section */

/* Begin PBXProject section */
		AFD6C54F29EB0501001F787E /* Project object */ = {
			isa = PBXProject;
			attributes = {
				BuildIndependentTargetsInParallel = 1;
				LastSwiftUpdateCheck = 1430;
				LastUpgradeCheck = 1430;
				TargetAttributes = {
					AFD6C55629EB0501001F787E = {
						CreatedOnToolsVersion = 14.3;
					};
				};
			};
			buildConfigurationList = AFD6C55229EB0501001F787E /* Build configuration list for PBXProject "AmanAlert" */;
			compatibilityVersion = "Xcode 14.0";
			developmentRegion = en;
			hasScannedForEncodings = 0;
			knownRegions = (
				en,
				Base,
			);
			mainGroup = AFD6C54E29EB0501001F787E;
			packageReferences = (
				AF3137BD29F3AF9300DFF275 /* XCRemoteSwiftPackageReference "SnapKit" */,
				AF3137C029F3B02700DFF275 /* XCRemoteSwiftPackageReference "Moya" */,
				AF0746C329FABDE700604D2E /* XCRemoteSwiftPackageReference "RxSwift" */,
			);
			productRefGroup = AFD6C55829EB0501001F787E /* Products */;
			projectDirPath = "";
			projectRoot = "";
			targets = (
				AFD6C55629EB0501001F787E /* AmanAlert */,
			);
		};
/* End PBXProject section */

/* Begin PBXResourcesBuildPhase section */
		AFD6C55529EB0501001F787E /* Resources */ = {
			isa = PBXResourcesBuildPhase;
			buildActionMask = 2147483647;
			files = (
				AFD6C56A29EB0504001F787E /* LaunchScreen.storyboard in Resources */,
				AFD6C56729EB0504001F787E /* Assets.xcassets in Resources */,
			);
			runOnlyForDeploymentPostprocessing = 0;
		};
/* End PBXResourcesBuildPhase section */

/* Begin PBXSourcesBuildPhase section */
		AFD6C55329EB0501001F787E /* Sources */ = {
			isa = PBXSourcesBuildPhase;
			buildActionMask = 2147483647;
			files = (
				AF0746C229FA9E4700604D2E /* NetworkManager.swift in Sources */,
				AF3137C929F4407800DFF275 /* ChooseLanguageController.swift in Sources */,
				AFD6C57429EBC819001F787E /* BaseTabViewController.swift in Sources */,
				AF0746BB29FA8EE000604D2E /* AuthTargetType.swift in Sources */,
				AF0746B429F9A58700604D2E /* FeedbackController.swift in Sources */,
				AF3137DA29F82D5000DFF275 /* RadioButtonCell.swift in Sources */,
				AF3137D429F8243100DFF275 /* CodeInputController.swift in Sources */,
				AF0746C029FA96AF00604D2E /* ViewModel.swift in Sources */,
				AFD6C55F29EB0501001F787E /* ViewController.swift in Sources */,
				AF3137C729F426D500DFF275 /* OnBoardingSlideViewController.swift in Sources */,
				AF31379329F3091400DFF275 /* BaseViewController.swift in Sources */,
				AF3137D129F6E4FD00DFF275 /* InfoCell.swift in Sources */,
				AF0746B829FA8C9200604D2E /* MainTarget.swift in Sources */,
				AF3137CF29F5A53600DFF275 /* AddContactController.swift in Sources */,
				AF31378D29F303FC00DFF275 /* AboutAppViewController.swift in Sources */,
				AFD6C55B29EB0501001F787E /* AppDelegate.swift in Sources */,
				AF31378B29F303F300DFF275 /* InfoViewController.swift in Sources */,
				AF31378929F303EA00DFF275 /* MainViewController.swift in Sources */,
				AFD6C55D29EB0501001F787E /* SceneDelegate.swift in Sources */,
				AF31378F29F3040900DFF275 /* ChatViewController.swift in Sources */,
				AF3137CB29F44BBD00DFF275 /* SosViewController.swift in Sources */,
				AF3137C429F3B15400DFF275 /* OnBoardingController.swift in Sources */,
				AF3137CD29F5955A00DFF275 /* FillOutFormController.swift in Sources */,
				AF31379129F3059100DFF275 /* LoginViewController.swift in Sources */,
				AFD6C56529EB0501001F787E /* AmanAlert.xcdatamodeld in Sources */,
				AF3137D829F82A9100DFF275 /* MainSosContactController.swift in Sources */,
				AF0746BD29FA90F800604D2E /* News.swift in Sources */,
			);
			runOnlyForDeploymentPostprocessing = 0;
		};
/* End PBXSourcesBuildPhase section */

/* Begin PBXVariantGroup section */
		AFD6C56829EB0504001F787E /* LaunchScreen.storyboard */ = {
			isa = PBXVariantGroup;
			children = (
				AFD6C56929EB0504001F787E /* Base */,
			);
			name = LaunchScreen.storyboard;
			sourceTree = "<group>";
		};
/* End PBXVariantGroup section */

/* Begin XCBuildConfiguration section */
		AFD6C56C29EB0504001F787E /* Debug */ = {
			isa = XCBuildConfiguration;
			buildSettings = {
				ALWAYS_SEARCH_USER_PATHS = NO;
				CLANG_ANALYZER_NONNULL = YES;
				CLANG_ANALYZER_NUMBER_OBJECT_CONVERSION = YES_AGGRESSIVE;
				CLANG_CXX_LANGUAGE_STANDARD = "gnu++20";
				CLANG_ENABLE_MODULES = YES;
				CLANG_ENABLE_OBJC_ARC = YES;
				CLANG_ENABLE_OBJC_WEAK = YES;
				CLANG_WARN_BLOCK_CAPTURE_AUTORELEASING = YES;
				CLANG_WARN_BOOL_CONVERSION = YES;
				CLANG_WARN_COMMA = YES;
				CLANG_WARN_CONSTANT_CONVERSION = YES;
				CLANG_WARN_DEPRECATED_OBJC_IMPLEMENTATIONS = YES;
				CLANG_WARN_DIRECT_OBJC_ISA_USAGE = YES_ERROR;
				CLANG_WARN_DOCUMENTATION_COMMENTS = YES;
				CLANG_WARN_EMPTY_BODY = YES;
				CLANG_WARN_ENUM_CONVERSION = YES;
				CLANG_WARN_INFINITE_RECURSION = YES;
				CLANG_WARN_INT_CONVERSION = YES;
				CLANG_WARN_NON_LITERAL_NULL_CONVERSION = YES;
				CLANG_WARN_OBJC_IMPLICIT_RETAIN_SELF = YES;
				CLANG_WARN_OBJC_LITERAL_CONVERSION = YES;
				CLANG_WARN_OBJC_ROOT_CLASS = YES_ERROR;
				CLANG_WARN_QUOTED_INCLUDE_IN_FRAMEWORK_HEADER = YES;
				CLANG_WARN_RANGE_LOOP_ANALYSIS = YES;
				CLANG_WARN_STRICT_PROTOTYPES = YES;
				CLANG_WARN_SUSPICIOUS_MOVE = YES;
				CLANG_WARN_UNGUARDED_AVAILABILITY = YES_AGGRESSIVE;
				CLANG_WARN_UNREACHABLE_CODE = YES;
				CLANG_WARN__DUPLICATE_METHOD_MATCH = YES;
				COPY_PHASE_STRIP = NO;
				DEBUG_INFORMATION_FORMAT = dwarf;
				ENABLE_STRICT_OBJC_MSGSEND = YES;
				ENABLE_TESTABILITY = YES;
				GCC_C_LANGUAGE_STANDARD = gnu11;
				GCC_DYNAMIC_NO_PIC = NO;
				GCC_NO_COMMON_BLOCKS = YES;
				GCC_OPTIMIZATION_LEVEL = 0;
				GCC_PREPROCESSOR_DEFINITIONS = (
					"DEBUG=1",
					"$(inherited)",
				);
				GCC_WARN_64_TO_32_BIT_CONVERSION = YES;
				GCC_WARN_ABOUT_RETURN_TYPE = YES_ERROR;
				GCC_WARN_UNDECLARED_SELECTOR = YES;
				GCC_WARN_UNINITIALIZED_AUTOS = YES_AGGRESSIVE;
				GCC_WARN_UNUSED_FUNCTION = YES;
				GCC_WARN_UNUSED_VARIABLE = YES;
				IPHONEOS_DEPLOYMENT_TARGET = 16.4;
				MTL_ENABLE_DEBUG_INFO = INCLUDE_SOURCE;
				MTL_FAST_MATH = YES;
				ONLY_ACTIVE_ARCH = YES;
				SDKROOT = iphoneos;
				SWIFT_ACTIVE_COMPILATION_CONDITIONS = DEBUG;
				SWIFT_OPTIMIZATION_LEVEL = "-Onone";
			};
			name = Debug;
		};
		AFD6C56D29EB0504001F787E /* Release */ = {
			isa = XCBuildConfiguration;
			buildSettings = {
				ALWAYS_SEARCH_USER_PATHS = NO;
				CLANG_ANALYZER_NONNULL = YES;
				CLANG_ANALYZER_NUMBER_OBJECT_CONVERSION = YES_AGGRESSIVE;
				CLANG_CXX_LANGUAGE_STANDARD = "gnu++20";
				CLANG_ENABLE_MODULES = YES;
				CLANG_ENABLE_OBJC_ARC = YES;
				CLANG_ENABLE_OBJC_WEAK = YES;
				CLANG_WARN_BLOCK_CAPTURE_AUTORELEASING = YES;
				CLANG_WARN_BOOL_CONVERSION = YES;
				CLANG_WARN_COMMA = YES;
				CLANG_WARN_CONSTANT_CONVERSION = YES;
				CLANG_WARN_DEPRECATED_OBJC_IMPLEMENTATIONS = YES;
				CLANG_WARN_DIRECT_OBJC_ISA_USAGE = YES_ERROR;
				CLANG_WARN_DOCUMENTATION_COMMENTS = YES;
				CLANG_WARN_EMPTY_BODY = YES;
				CLANG_WARN_ENUM_CONVERSION = YES;
				CLANG_WARN_INFINITE_RECURSION = YES;
				CLANG_WARN_INT_CONVERSION = YES;
				CLANG_WARN_NON_LITERAL_NULL_CONVERSION = YES;
				CLANG_WARN_OBJC_IMPLICIT_RETAIN_SELF = YES;
				CLANG_WARN_OBJC_LITERAL_CONVERSION = YES;
				CLANG_WARN_OBJC_ROOT_CLASS = YES_ERROR;
				CLANG_WARN_QUOTED_INCLUDE_IN_FRAMEWORK_HEADER = YES;
				CLANG_WARN_RANGE_LOOP_ANALYSIS = YES;
				CLANG_WARN_STRICT_PROTOTYPES = YES;
				CLANG_WARN_SUSPICIOUS_MOVE = YES;
				CLANG_WARN_UNGUARDED_AVAILABILITY = YES_AGGRESSIVE;
				CLANG_WARN_UNREACHABLE_CODE = YES;
				CLANG_WARN__DUPLICATE_METHOD_MATCH = YES;
				COPY_PHASE_STRIP = NO;
				DEBUG_INFORMATION_FORMAT = "dwarf-with-dsym";
				ENABLE_NS_ASSERTIONS = NO;
				ENABLE_STRICT_OBJC_MSGSEND = YES;
				GCC_C_LANGUAGE_STANDARD = gnu11;
				GCC_NO_COMMON_BLOCKS = YES;
				GCC_WARN_64_TO_32_BIT_CONVERSION = YES;
				GCC_WARN_ABOUT_RETURN_TYPE = YES_ERROR;
				GCC_WARN_UNDECLARED_SELECTOR = YES;
				GCC_WARN_UNINITIALIZED_AUTOS = YES_AGGRESSIVE;
				GCC_WARN_UNUSED_FUNCTION = YES;
				GCC_WARN_UNUSED_VARIABLE = YES;
				IPHONEOS_DEPLOYMENT_TARGET = 16.4;
				MTL_ENABLE_DEBUG_INFO = NO;
				MTL_FAST_MATH = YES;
				SDKROOT = iphoneos;
				SWIFT_COMPILATION_MODE = wholemodule;
				SWIFT_OPTIMIZATION_LEVEL = "-O";
				VALIDATE_PRODUCT = YES;
			};
			name = Release;
		};
		AFD6C56F29EB0504001F787E /* Debug */ = {
			isa = XCBuildConfiguration;
			buildSettings = {
				ASSETCATALOG_COMPILER_APPICON_NAME = AppIcon;
				ASSETCATALOG_COMPILER_GLOBAL_ACCENT_COLOR_NAME = AccentColor;
				CODE_SIGN_STYLE = Automatic;
				CURRENT_PROJECT_VERSION = 1;
				DEVELOPMENT_TEAM = Q9L4Z5PCJ5;
				GENERATE_INFOPLIST_FILE = YES;
				INFOPLIST_FILE = AmanAlert/Info.plist;
				INFOPLIST_KEY_UIApplicationSupportsIndirectInputEvents = YES;
				INFOPLIST_KEY_UILaunchStoryboardName = LaunchScreen;
				INFOPLIST_KEY_UISupportedInterfaceOrientations_iPad = "UIInterfaceOrientationPortrait UIInterfaceOrientationPortraitUpsideDown UIInterfaceOrientationLandscapeLeft UIInterfaceOrientationLandscapeRight";
				INFOPLIST_KEY_UISupportedInterfaceOrientations_iPhone = "UIInterfaceOrientationPortrait UIInterfaceOrientationLandscapeLeft UIInterfaceOrientationLandscapeRight";
				LD_RUNPATH_SEARCH_PATHS = (
					"$(inherited)",
					"@executable_path/Frameworks",
				);
				MARKETING_VERSION = 1.0;
				PRODUCT_BUNDLE_IDENTIFIER = com.lulu.AmanAlert;
				PRODUCT_NAME = "$(TARGET_NAME)";
				SWIFT_EMIT_LOC_STRINGS = YES;
				SWIFT_VERSION = 5.0;
				TARGETED_DEVICE_FAMILY = "1,2";
			};
			name = Debug;
		};
		AFD6C57029EB0504001F787E /* Release */ = {
			isa = XCBuildConfiguration;
			buildSettings = {
				ASSETCATALOG_COMPILER_APPICON_NAME = AppIcon;
				ASSETCATALOG_COMPILER_GLOBAL_ACCENT_COLOR_NAME = AccentColor;
				CODE_SIGN_STYLE = Automatic;
				CURRENT_PROJECT_VERSION = 1;
				DEVELOPMENT_TEAM = Q9L4Z5PCJ5;
				GENERATE_INFOPLIST_FILE = YES;
				INFOPLIST_FILE = AmanAlert/Info.plist;
				INFOPLIST_KEY_UIApplicationSupportsIndirectInputEvents = YES;
				INFOPLIST_KEY_UILaunchStoryboardName = LaunchScreen;
				INFOPLIST_KEY_UISupportedInterfaceOrientations_iPad = "UIInterfaceOrientationPortrait UIInterfaceOrientationPortraitUpsideDown UIInterfaceOrientationLandscapeLeft UIInterfaceOrientationLandscapeRight";
				INFOPLIST_KEY_UISupportedInterfaceOrientations_iPhone = "UIInterfaceOrientationPortrait UIInterfaceOrientationLandscapeLeft UIInterfaceOrientationLandscapeRight";
				LD_RUNPATH_SEARCH_PATHS = (
					"$(inherited)",
					"@executable_path/Frameworks",
				);
				MARKETING_VERSION = 1.0;
				PRODUCT_BUNDLE_IDENTIFIER = com.lulu.AmanAlert;
				PRODUCT_NAME = "$(TARGET_NAME)";
				SWIFT_EMIT_LOC_STRINGS = YES;
				SWIFT_VERSION = 5.0;
				TARGETED_DEVICE_FAMILY = "1,2";
			};
			name = Release;
		};
/* End XCBuildConfiguration section */

/* Begin XCConfigurationList section */
		AFD6C55229EB0501001F787E /* Build configuration list for PBXProject "AmanAlert" */ = {
			isa = XCConfigurationList;
			buildConfigurations = (
				AFD6C56C29EB0504001F787E /* Debug */,
				AFD6C56D29EB0504001F787E /* Release */,
			);
			defaultConfigurationIsVisible = 0;
			defaultConfigurationName = Release;
		};
		AFD6C56E29EB0504001F787E /* Build configuration list for PBXNativeTarget "AmanAlert" */ = {
			isa = XCConfigurationList;
			buildConfigurations = (
				AFD6C56F29EB0504001F787E /* Debug */,
				AFD6C57029EB0504001F787E /* Release */,
			);
			defaultConfigurationIsVisible = 0;
			defaultConfigurationName = Release;
		};
/* End XCConfigurationList section */

/* Begin XCRemoteSwiftPackageReference section */
		AF0746C329FABDE700604D2E /* XCRemoteSwiftPackageReference "RxSwift" */ = {
			isa = XCRemoteSwiftPackageReference;
			repositoryURL = "https://github.com/ReactiveX/RxSwift.git";
			requirement = {
				kind = upToNextMajorVersion;
				minimumVersion = 6.0.0;
			};
		};
		AF3137BD29F3AF9300DFF275 /* XCRemoteSwiftPackageReference "SnapKit" */ = {
			isa = XCRemoteSwiftPackageReference;
			repositoryURL = "https://github.com/SnapKit/SnapKit.git";
			requirement = {
				kind = upToNextMajorVersion;
				minimumVersion = 5.0.0;
			};
		};
		AF3137C029F3B02700DFF275 /* XCRemoteSwiftPackageReference "Moya" */ = {
			isa = XCRemoteSwiftPackageReference;
			repositoryURL = "https://github.com/Moya/Moya.git";
			requirement = {
				kind = upToNextMajorVersion;
				minimumVersion = 15.0.0;
			};
		};
/* End XCRemoteSwiftPackageReference section */

/* Begin XCSwiftPackageProductDependency section */
		AF0746C429FABDE700604D2E /* RxCocoa */ = {
			isa = XCSwiftPackageProductDependency;
			package = AF0746C329FABDE700604D2E /* XCRemoteSwiftPackageReference "RxSwift" */;
			productName = RxCocoa;
		};
		AF0746C629FABDE700604D2E /* RxRelay */ = {
			isa = XCSwiftPackageProductDependency;
			package = AF0746C329FABDE700604D2E /* XCRemoteSwiftPackageReference "RxSwift" */;
			productName = RxRelay;
		};
		AF0746C829FABDE700604D2E /* RxSwift */ = {
			isa = XCSwiftPackageProductDependency;
			package = AF0746C329FABDE700604D2E /* XCRemoteSwiftPackageReference "RxSwift" */;
			productName = RxSwift;
		};
		AF3137BE29F3AF9300DFF275 /* SnapKit */ = {
			isa = XCSwiftPackageProductDependency;
			package = AF3137BD29F3AF9300DFF275 /* XCRemoteSwiftPackageReference "SnapKit" */;
			productName = SnapKit;
		};
		AF3137C129F3B02700DFF275 /* Moya */ = {
			isa = XCSwiftPackageProductDependency;
			package = AF3137C029F3B02700DFF275 /* XCRemoteSwiftPackageReference "Moya" */;
			productName = Moya;
		};
/* End XCSwiftPackageProductDependency section */

/* Begin XCVersionGroup section */
		AFD6C56329EB0501001F787E /* AmanAlert.xcdatamodeld */ = {
			isa = XCVersionGroup;
			children = (
				AFD6C56429EB0501001F787E /* AmanAlert.xcdatamodel */,
			);
			currentVersion = AFD6C56429EB0501001F787E /* AmanAlert.xcdatamodel */;
			path = AmanAlert.xcdatamodeld;
			sourceTree = "<group>";
			versionGroupType = wrapper.xcdatamodel;
		};
/* End XCVersionGroup section */
	};
	rootObject = AFD6C54F29EB0501001F787E /* Project object */;
}
